
Microsoft Visual Studio Solution File, Format Version 12.00
# Visual Studio Version 17
VisualStudioVersion = 17.3.32804.467
MinimumVisualStudioVersion = 10.0.40219.1
Project("{2150E333-8FDC-42A3-9474-1A3956D46DE8}") = "01 - Api", "01 - Api", "{E4395946-9025-43FB-AB85-3FC870DD0361}"
EndProject
Project("{2150E333-8FDC-42A3-9474-1A3956D46DE8}") = "02 - Application", "02 - Application", "{FEBC4384-4D5A-43D7-A6D0-06B79EBB6A0E}"
EndProject
Project("{2150E333-8FDC-42A3-9474-1A3956D46DE8}") = "03 - Domain", "03 - Domain", "{CFC4045C-EC22-4B6B-A559-D51FAFBE1B19}"
EndProject
Project("{2150E333-8FDC-42A3-9474-1A3956D46DE8}") = "04 - Infra", "04 - Infra", "{9285C1D0-676A-4E91-8BBA-86304ADE518F}"
EndProject
Project("{2150E333-8FDC-42A3-9474-1A3956D46DE8}") = "04.1 - Data", "04.1 - Data", "{25B73F28-4451-4F81-9CFC-6372807486A2}"
EndProject
Project("{2150E333-8FDC-42A3-9474-1A3956D46DE8}") = "04.2 - IoC", "04.2 - IoC", "{7B4DD0A2-A8B3-4856-BFD8-21F2A21D8A55}"
EndProject
Project("{2150E333-8FDC-42A3-9474-1A3956D46DE8}") = "04.3 - Common", "04.3 - Common", "{8CB3C861-2C00-45E7-AE31-975C1621294C}"
EndProject
Project("{9A19103F-16F7-4668-BE54-9A1E7A4F7556}") = "WebApiDDD.Infra.Data", "WebApiDDD.Infra.Data\WebApiDDD.Infra.Data.csproj", "{AB33752F-9605-487A-AB10-78844E596EBA}"
EndProject
Project("{9A19103F-16F7-4668-BE54-9A1E7A4F7556}") = "WebApiDDD.Infra.IoC", "WebApiDDD.Infra.IoC\WebApiDDD.Infra.IoC.csproj", "{85186488-A798-41C4-9710-746E5236E35F}"
EndProject
Project("{9A19103F-16F7-4668-BE54-9A1E7A4F7556}") = "WebApiDDD.Infra.CrossCutting.Common", "WebApiDDD.Infra.CrossCutting.Common\WebApiDDD.Infra.CrossCutting.Common.csproj", "{4A45F6A6-C70C-4A00-B565-89DDF5BCC67D}"
EndProject
Project("{9A19103F-16F7-4668-BE54-9A1E7A4F7556}") = "WebApiDDD.Domain", "WebApiDDD.Domain\WebApiDDD.Domain.csproj", "{1DFF1EBB-DE30-4AF5-8462-900899E61A88}"
EndProject
Project("{9A19103F-16F7-4668-BE54-9A1E7A4F7556}") = "WebApiDDD.Application", "WebApiDDD.Application\WebApiDDD.Application.csproj", "{180630CA-404B-4AC7-92DE-065789043D29}"
EndProject
Project("{FAE04EC0-301F-11D3-BF4B-00C04F79EFBC}") = "WebApiDDD.Api", "WebApiDDD.Api\WebApiDDD.Api.csproj", "{03058B89-F6A6-47AD-A658-C5B997E5B3F1}"
EndProject
Global
	GlobalSection(SolutionConfigurationPlatforms) = preSolution
		Debug|Any CPU = Debug|Any CPU
		Release|Any CPU = Release|Any CPU
	EndGlobalSection
	GlobalSection(ProjectConfigurationPlatforms) = postSolution
		{AB33752F-9605-487A-AB10-78844E596EBA}.Debug|Any CPU.ActiveCfg = Debug|Any CPU
		{AB33752F-9605-487A-AB10-78844E596EBA}.Debug|Any CPU.Build.0 = Debug|Any CPU
		{AB33752F-9605-487A-AB10-78844E596EBA}.Release|Any CPU.ActiveCfg = Release|Any CPU
		{AB33752F-9605-487A-AB10-78844E596EBA}.Release|Any CPU.Build.0 = Release|Any CPU
		{85186488-A798-41C4-9710-746E5236E35F}.Debug|Any CPU.ActiveCfg = Debug|Any CPU
		{85186488-A798-41C4-9710-746E5236E35F}.Debug|Any CPU.Build.0 = Debug|Any CPU
		{85186488-A798-41C4-9710-746E5236E35F}.Release|Any CPU.ActiveCfg = Release|Any CPU
		{85186488-A798-41C4-9710-746E5236E35F}.Release|Any CPU.Build.0 = Release|Any CPU
		{4A45F6A6-C70C-4A00-B565-89DDF5BCC67D}.Debug|Any CPU.ActiveCfg = Debug|Any CPU
		{4A45F6A6-C70C-4A00-B565-89DDF5BCC67D}.Debug|Any CPU.Build.0 = Debug|Any CPU
		{4A45F6A6-C70C-4A00-B565-89DDF5BCC67D}.Release|Any CPU.ActiveCfg = Release|Any CPU
		{4A45F6A6-C70C-4A00-B565-89DDF5BCC67D}.Release|Any CPU.Build.0 = Release|Any CPU
		{1DFF1EBB-DE30-4AF5-8462-900899E61A88}.Debug|Any CPU.ActiveCfg = Debug|Any CPU
		{1DFF1EBB-DE30-4AF5-8462-900899E61A88}.Debug|Any CPU.Build.0 = Debug|Any CPU
		{1DFF1EBB-DE30-4AF5-8462-900899E61A88}.Release|Any CPU.ActiveCfg = Release|Any CPU
		{1DFF1EBB-DE30-4AF5-8462-900899E61A88}.Release|Any CPU.Build.0 = Release|Any CPU
		{180630CA-404B-4AC7-92DE-065789043D29}.Debug|Any CPU.ActiveCfg = Debug|Any CPU
		{180630CA-404B-4AC7-92DE-065789043D29}.Debug|Any CPU.Build.0 = Debug|Any CPU
		{180630CA-404B-4AC7-92DE-065789043D29}.Release|Any CPU.ActiveCfg = Release|Any CPU
		{180630CA-404B-4AC7-92DE-065789043D29}.Release|Any CPU.Build.0 = Release|Any CPU
		{03058B89-F6A6-47AD-A658-C5B997E5B3F1}.Debug|Any CPU.ActiveCfg = Debug|Any CPU
		{03058B89-F6A6-47AD-A658-C5B997E5B3F1}.Debug|Any CPU.Build.0 = Debug|Any CPU
		{03058B89-F6A6-47AD-A658-C5B997E5B3F1}.Release|Any CPU.ActiveCfg = Release|Any CPU
		{03058B89-F6A6-47AD-A658-C5B997E5B3F1}.Release|Any CPU.Build.0 = Release|Any CPU
	EndGlobalSection
	GlobalSection(SolutionProperties) = preSolution
		HideSolutionNode = FALSE
	EndGlobalSection
	GlobalSection(NestedProjects) = preSolution
		{25B73F28-4451-4F81-9CFC-6372807486A2} = {9285C1D0-676A-4E91-8BBA-86304ADE518F}
		{7B4DD0A2-A8B3-4856-BFD8-21F2A21D8A55} = {9285C1D0-676A-4E91-8BBA-86304ADE518F}
		{8CB3C861-2C00-45E7-AE31-975C1621294C} = {9285C1D0-676A-4E91-8BBA-86304ADE518F}
		{AB33752F-9605-487A-AB10-78844E596EBA} = {25B73F28-4451-4F81-9CFC-6372807486A2}
		{85186488-A798-41C4-9710-746E5236E35F} = {7B4DD0A2-A8B3-4856-BFD8-21F2A21D8A55}
		{4A45F6A6-C70C-4A00-B565-89DDF5BCC67D} = {8CB3C861-2C00-45E7-AE31-975C1621294C}
		{1DFF1EBB-DE30-4AF5-8462-900899E61A88} = {CFC4045C-EC22-4B6B-A559-D51FAFBE1B19}
		{180630CA-404B-4AC7-92DE-065789043D29} = {FEBC4384-4D5A-43D7-A6D0-06B79EBB6A0E}
		{03058B89-F6A6-47AD-A658-C5B997E5B3F1} = {E4395946-9025-43FB-AB85-3FC870DD0361}
	EndGlobalSection
	GlobalSection(ExtensibilityGlobals) = postSolution
		SolutionGuid = {5D42F469-0144-4E36-AC19-41451EFFAA5D}
	EndGlobalSection
EndGlobal
